
Microsoft Visual Studio Solution File, Format Version 12.00
# Visual Studio Version 17
VisualStudioVersion = 17.4.33205.214
MinimumVisualStudioVersion = 10.0.40219.1
Project("{9A19103F-16F7-4668-BE54-9A1E7A4F7556}") = "AutoMapperDemo", "AutoMapperDemo\AutoMapperDemo.csproj", "{3AE42B5A-4D56-43F8-A41A-3644590232FC}"
EndProject
Project("{FAE04EC0-301F-11D3-BF4B-00C04F79EFBC}") = "AppDomainSample", "AppDomainSample\AppDomainSample.csproj", "{F59E267C-31A1-4AB5-BD67-CCC78CAAF06F}"
EndProject
Project("{FAE04EC0-301F-11D3-BF4B-00C04F79EFBC}") = "ConsoleApp1", "ConsoleApp1\ConsoleApp1.csproj", "{793B8D5B-BD53-4B32-90CF-775CB141E2F9}"
EndProject
Project("{9A19103F-16F7-4668-BE54-9A1E7A4F7556}") = "AsyncDemo", "AsyncDemo\AsyncDemo.csproj", "{11D2EE53-1E2F-4F09-A513-DFEDF644FAFD}"
EndProject
Project("{9A19103F-16F7-4668-BE54-9A1E7A4F7556}") = "ThreadDemo", "ThreadDemo\ThreadDemo.csproj", "{FADF0187-EC5F-4F0D-B06D-A29C5D6ECE3F}"
EndProject
Project("{9A19103F-16F7-4668-BE54-9A1E7A4F7556}") = "mlnet1", "mlnet1\mlnet1.csproj", "{FABF0FA5-F2B2-4811-80A9-3CF8D75AC595}"
EndProject
Project("{9A19103F-16F7-4668-BE54-9A1E7A4F7556}") = "specflow2", "specflow2\specflow2.csproj", "{734EB2E2-D0C9-45C8-8C90-05F259A8C662}"
EndProject
Project("{9A19103F-16F7-4668-BE54-9A1E7A4F7556}") = "environment", "environment\environment.csproj", "{6B846890-C117-4090-8C82-ED34B3435DA9}"
EndProject
Project("{9A19103F-16F7-4668-BE54-9A1E7A4F7556}") = "jsonstring", "jsonstring\jsonstring.csproj", "{38E05E7F-0E74-4F2A-9F78-4A6F4B83A448}"
EndProject
Project("{9A19103F-16F7-4668-BE54-9A1E7A4F7556}") = "GenericAction", "GenericAction\GenericAction.csproj", "{876D065A-A3DA-4E1F-845A-85669A0734AF}"
EndProject
Project("{9A19103F-16F7-4668-BE54-9A1E7A4F7556}") = "JSONTask", "JSONTask\JSONTask.csproj", "{08F1A2E9-AF50-4C09-A165-F30B47D360D2}"
EndProject
Project("{9A19103F-16F7-4668-BE54-9A1E7A4F7556}") = "UTCTime", "UTCTime\UTCTime.csproj", "{6D3198BE-40FF-4C43-B83C-1FFB669F2DBB}"
EndProject
Project("{9A19103F-16F7-4668-BE54-9A1E7A4F7556}") = "LibA", "LibA\LibA.csproj", "{8B383AFE-3C83-439A-A43C-ED697C8FE5C9}"
EndProject
Project("{FAE04EC0-301F-11D3-BF4B-00C04F79EFBC}") = "ConsoleTest", "ConsoleTest\ConsoleTest.csproj", "{7AFC860D-E1DB-4B9A-B874-F2B8BD2AF5EA}"
	ProjectSection(ProjectDependencies) = postProject
		{8B383AFE-3C83-439A-A43C-ED697C8FE5C9} = {8B383AFE-3C83-439A-A43C-ED697C8FE5C9}
	EndProjectSection
EndProject
Project("{9A19103F-16F7-4668-BE54-9A1E7A4F7556}") = "ReadWriteLockDemo", "ReadWriteLockDemo\ReadWriteLockDemo.csproj", "{52D45E42-AE50-4B3D-AD24-E2DA223BA6A0}"
EndProject
Project("{9A19103F-16F7-4668-BE54-9A1E7A4F7556}") = "signalingdemo", "signalingdemo\signalingdemo.csproj", "{C4B1306E-C65F-4314-9983-BDCBD5734AAD}"
EndProject
Project("{9A19103F-16F7-4668-BE54-9A1E7A4F7556}") = "XMLDemo", "XMLDemo\XMLDemo.csproj", "{84329498-2B0E-4657-8280-5120DE382C25}"
EndProject
Project("{9A19103F-16F7-4668-BE54-9A1E7A4F7556}") = "XiaoLi", "XiaoLi\XiaoLi.csproj", "{907397B8-B09B-4449-B836-F26B04D7813B}"
EndProject
Project("{9A19103F-16F7-4668-BE54-9A1E7A4F7556}") = "UTF8", "UTF8\UTF8.csproj", "{CBBFCBD2-2EB1-4FA0-B02A-A4DC24413BD0}"
EndProject
Project("{9A19103F-16F7-4668-BE54-9A1E7A4F7556}") = "polymorphism", "polymorphism\polymorphism.csproj", "{779E2038-A8D3-41F3-A073-E41C013603FF}"
EndProject
Project("{9A19103F-16F7-4668-BE54-9A1E7A4F7556}") = "MongoTestBed", "MongoTestBed\MongoTestBed.csproj", "{E9BE4A22-C1FC-491F-B62A-F5FB223B1470}"
EndProject
Project("{FAE04EC0-301F-11D3-BF4B-00C04F79EFBC}") = "FrameWorkTest", "ConsoleApp2\FrameWorkTest.csproj", "{BA86DAF5-84C4-4C0B-994D-ED73DDCC87B4}"
EndProject
Project("{9A19103F-16F7-4668-BE54-9A1E7A4F7556}") = "enum", "enum\enum.csproj", "{FFEA1D20-3D99-4790-9B83-0CB7583CCA75}"
EndProject
Project("{9A19103F-16F7-4668-BE54-9A1E7A4F7556}") = "ReflectionDemo", "ReflectionDemo\ReflectionDemo.csproj", "{B72A0A07-5D7E-422E-A9AD-C6A0ADD66535}"
EndProject
Project("{9A19103F-16F7-4668-BE54-9A1E7A4F7556}") = "EFGetStarted", "EFGetStarted\EFGetStarted.csproj", "{DAD24C87-AEF5-4420-98F4-DE2791D78AC5}"
EndProject
Project("{9A19103F-16F7-4668-BE54-9A1E7A4F7556}") = "Concurrency", "Concurrency\Concurrency.csproj", "{336475BC-1FCD-4D04-9E18-261E6D515C86}"
EndProject
Project("{9A19103F-16F7-4668-BE54-9A1E7A4F7556}") = "Config", "Config\Config.csproj", "{75BDD230-E8A8-415A-809C-712D98D3EEA9}"
EndProject
Project("{9A19103F-16F7-4668-BE54-9A1E7A4F7556}") = "SpecFlowCalculator", "SpecFlowCalculator\SpecFlowCalculator.csproj", "{972D8ABD-1449-4239-86F2-4B5D6E125D83}"
EndProject
Project("{9A19103F-16F7-4668-BE54-9A1E7A4F7556}") = "SpecFlowCalculator.MSTestTag", "SpecFlowCalculator.MSTestTag\SpecFlowCalculator.MSTestTag.csproj", "{61C3BB00-7209-4E2D-BF4E-EA3F569E6CDD}"
EndProject
Project("{9A19103F-16F7-4668-BE54-9A1E7A4F7556}") = "SpecFlowCalculator.GlobalSteps", "SpecFlowCalculator.GlobalSteps\SpecFlowCalculator.GlobalSteps.csproj", "{888966CC-18D0-44A8-AFA0-57D6B96BCCE6}"
EndProject
Project("{9A19103F-16F7-4668-BE54-9A1E7A4F7556}") = "SpecFlowBaseClassIssueDemo", "SpecFlowBaseClassIssueDemo\SpecFlowBaseClassIssueDemo.csproj", "{20BA1C1B-4866-4B4A-844F-02E8D1D694EB}"
EndProject
Project("{9A19103F-16F7-4668-BE54-9A1E7A4F7556}") = "ReflectionPropertyInfoDemo", "ReflectionPropertyInfoDemo\ReflectionPropertyInfoDemo.csproj", "{607F25FD-9BA7-4191-A4A8-9E4825185C64}"
EndProject
Project("{9A19103F-16F7-4668-BE54-9A1E7A4F7556}") = "DebugNugetPackage.DemoLib", "DebugNugetPackage.DemoLib\DebugNugetPackage.DemoLib.csproj", "{3C1329C6-14EE-4942-8082-6E4891C3383E}"
EndProject
Project("{9A19103F-16F7-4668-BE54-9A1E7A4F7556}") = "DebugNugetPackage.DemoApp", "DebugNugetPackage.DemoApp\DebugNugetPackage.DemoApp.csproj", "{3EC0DC46-CBDE-4309-A2E5-DCA68D3C3B23}"
EndProject
Project("{9A19103F-16F7-4668-BE54-9A1E7A4F7556}") = "ProcessNewWindow", "ProcessNewWindow\ProcessNewWindow.csproj", "{02A185AE-EE5E-428E-9730-01E010F2BF90}"
EndProject
Project("{9A19103F-16F7-4668-BE54-9A1E7A4F7556}") = "SpecFlowBaseClassIssueDemo.Runner", "SpecFlowBaseClassIssueDemo.Runner\SpecFlowBaseClassIssueDemo.Runner.csproj", "{8EDDA7D8-8AC6-4179-B171-8470CF4DD528}"
EndProject
Project("{9A19103F-16F7-4668-BE54-9A1E7A4F7556}") = "SpecFlow.ContextInjection", "SpecFlow.ContextInjection\SpecFlow.ContextInjection.csproj", "{00AA4A5C-A9A7-4907-912F-00ED94FDBF43}"
EndProject
Project("{9A19103F-16F7-4668-BE54-9A1E7A4F7556}") = "InheritanceShareData", "InheritanceShareData\InheritanceShareData.csproj", "{55B1B6AD-853E-4FCA-8C99-F9CDBA71ED9E}"
EndProject
Project("{9A19103F-16F7-4668-BE54-9A1E7A4F7556}") = "DelegateDemo", "DelegateDemo\DelegateDemo.csproj", "{72AF91F5-9EF0-4A48-AE00-C73B0B6CCFA2}"
EndProject
Project("{9A19103F-16F7-4668-BE54-9A1E7A4F7556}") = "ProcessDumpFile", "ProcessDumpFile\ProcessDumpFile.csproj", "{6E110A8E-2B23-4069-8454-0155101E9D7D}"
EndProject
Project("{9A19103F-16F7-4668-BE54-9A1E7A4F7556}") = "HexConversion", "HexConversion\HexConversion.csproj", "{CFB8E0DD-D2EB-4DFC-9627-1B302DFA0BDD}"
EndProject
Project("{9A19103F-16F7-4668-BE54-9A1E7A4F7556}") = "DemoDump", "DemoDump\DemoDump.csproj", "{3EE5BF9E-63DC-40C7-9E42-267113BFF129}"
EndProject
Project("{9A19103F-16F7-4668-BE54-9A1E7A4F7556}") = "GCStudy", "GCStudy\GCStudy.csproj", "{35ADC2E6-1F57-4B08-ABF5-330EB156D45F}"
EndProject
Project("{9A19103F-16F7-4668-BE54-9A1E7A4F7556}") = "WinFormsApp1", "WinFormsApp1\WinFormsApp1.csproj", "{01CB54A1-BD24-4B57-9D4D-48D6564C20FF}"
EndProject
Project("{9A19103F-16F7-4668-BE54-9A1E7A4F7556}") = "EventDemo", "EventDemo\EventDemo.csproj", "{766874D6-5C1E-486F-8F1C-D9E6DBC2F4DA}"
EndProject
Project("{9A19103F-16F7-4668-BE54-9A1E7A4F7556}") = "ThreadPoolDemo", "ThreadPoolDemo\ThreadPoolDemo.csproj", "{750C5A80-27CB-486B-B909-E70D58783262}"
EndProject
Project("{9A19103F-16F7-4668-BE54-9A1E7A4F7556}") = "ToubThreadPool", "ToubThreadPool\ToubThreadPool.csproj", "{4AFC7C20-E189-4CD0-A404-D17ED82E013C}"
EndProject
Project("{9A19103F-16F7-4668-BE54-9A1E7A4F7556}") = "HighPerformanceNETChapterFive", "HighPerformanceNETChapterFive\HighPerformanceNETChapterFive.csproj", "{B95420DF-FA8C-48BA-9B5F-35930318D1B7}"
EndProject
Project("{FAE04EC0-301F-11D3-BF4B-00C04F79EFBC}") = "TestCLR4", "TestCLR4\TestCLR4.csproj", "{3CCCC85A-5123-4FDD-BE95-7B1DA533E588}"
EndProject
Project("{9A19103F-16F7-4668-BE54-9A1E7A4F7556}") = "TaskCancellation", "TaskCancellation\TaskCancellation.csproj", "{C2DA9DD7-F086-4DB3-B752-2B31CF2C25B5}"
EndProject
Project("{9A19103F-16F7-4668-BE54-9A1E7A4F7556}") = "SlideDetector", "SlideDetector\SlideDetector.csproj", "{AB66B79B-AC66-4F58-B202-3D51CC6842ED}"
EndProject
Project("{9A19103F-16F7-4668-BE54-9A1E7A4F7556}") = "PrepareSlideSheetData", "PrepareSlideSheetData\PrepareSlideSheetData.csproj", "{674F841B-5C28-4C82-B625-132F640CCC1F}"
EndProject
Project("{9A19103F-16F7-4668-BE54-9A1E7A4F7556}") = "MemBar", "MemBar\MemBar.csproj", "{32F41A06-25F0-4A83-BB89-1B0F977CDD8C}"
EndProject
Project("{9A19103F-16F7-4668-BE54-9A1E7A4F7556}") = "InterlockedDemo", "InterlockedDemo\InterlockedDemo.csproj", "{9FC1F7D4-60C9-4FFC-B59A-D587110091BD}"
EndProject
Project("{9A19103F-16F7-4668-BE54-9A1E7A4F7556}") = "DeadlockDemo", "DeadlockDemo\DeadlockDemo.csproj", "{C2AA3145-8480-4796-851B-7D97CA3998BA}"
EndProject
Project("{9A19103F-16F7-4668-BE54-9A1E7A4F7556}") = "BinarySearchList", "BinarySearchList\BinarySearchList.csproj", "{EA786196-89EC-42E2-ADAA-C1393358A664}"
EndProject
Project("{9A19103F-16F7-4668-BE54-9A1E7A4F7556}") = "MathNetDemo", "MathNetDemo\MathNetDemo.csproj", "{79971CCE-F85C-4623-B76A-5C01BC97F4D9}"
EndProject
Project("{9A19103F-16F7-4668-BE54-9A1E7A4F7556}") = "DeserializeDemo", "DeserializeDemo\DeserializeDemo.csproj", "{E358A086-32ED-4692-AF3A-E81C0B9524F0}"
EndProject
Project("{9A19103F-16F7-4668-BE54-9A1E7A4F7556}") = "DateTimeDemo", "DateTimeDemo\DateTimeDemo.csproj", "{1D37FDB0-F596-4309-A388-483210502E2F}"
EndProject
Project("{9A19103F-16F7-4668-BE54-9A1E7A4F7556}") = "DataContractSerializerDemo", "DataContractSerializerDemo\DataContractSerializerDemo.csproj", "{7347B72F-5189-4CB6-AA54-33A0C4041A01}"
EndProject
Project("{9A19103F-16F7-4668-BE54-9A1E7A4F7556}") = "XMLSerializerDemo", "XMLSerializerDemo\XMLSerializerDemo.csproj", "{D6EAE666-CE81-494C-92DF-0240B912FA58}"
EndProject
Project("{9A19103F-16F7-4668-BE54-9A1E7A4F7556}") = "DebugLog", "DebugLog\DebugLog.csproj", "{476F30B2-CBF3-49BC-BEE5-33F39368BB87}"
EndProject
Project("{9A19103F-16F7-4668-BE54-9A1E7A4F7556}") = "MultiTaskDemo", "MultiTaskDemo\MultiTaskDemo.csproj", "{6A45178C-DD4A-4977-892C-7A663BE5A406}"
EndProject
Project("{FAE04EC0-301F-11D3-BF4B-00C04F79EFBC}") = "ThreadLocalDemo", "ThreadLocalDemo\ThreadLocalDemo.csproj", "{6477570C-E19F-422D-A972-969542536768}"
EndProject
Global
	GlobalSection(SolutionConfigurationPlatforms) = preSolution
		Debug|Any CPU = Debug|Any CPU
		Release|Any CPU = Release|Any CPU
	EndGlobalSection
	GlobalSection(ProjectConfigurationPlatforms) = postSolution
		{3AE42B5A-4D56-43F8-A41A-3644590232FC}.Debug|Any CPU.ActiveCfg = Debug|Any CPU
		{3AE42B5A-4D56-43F8-A41A-3644590232FC}.Debug|Any CPU.Build.0 = Debug|Any CPU
		{3AE42B5A-4D56-43F8-A41A-3644590232FC}.Release|Any CPU.ActiveCfg = Release|Any CPU
		{3AE42B5A-4D56-43F8-A41A-3644590232FC}.Release|Any CPU.Build.0 = Release|Any CPU
		{F59E267C-31A1-4AB5-BD67-CCC78CAAF06F}.Debug|Any CPU.ActiveCfg = Debug|Any CPU
		{F59E267C-31A1-4AB5-BD67-CCC78CAAF06F}.Debug|Any CPU.Build.0 = Debug|Any CPU
		{F59E267C-31A1-4AB5-BD67-CCC78CAAF06F}.Release|Any CPU.ActiveCfg = Release|Any CPU
		{F59E267C-31A1-4AB5-BD67-CCC78CAAF06F}.Release|Any CPU.Build.0 = Release|Any CPU
		{793B8D5B-BD53-4B32-90CF-775CB141E2F9}.Debug|Any CPU.ActiveCfg = Debug|Any CPU
		{793B8D5B-BD53-4B32-90CF-775CB141E2F9}.Debug|Any CPU.Build.0 = Debug|Any CPU
		{793B8D5B-BD53-4B32-90CF-775CB141E2F9}.Release|Any CPU.ActiveCfg = Release|Any CPU
		{793B8D5B-BD53-4B32-90CF-775CB141E2F9}.Release|Any CPU.Build.0 = Release|Any CPU
		{11D2EE53-1E2F-4F09-A513-DFEDF644FAFD}.Debug|Any CPU.ActiveCfg = Debug|Any CPU
		{11D2EE53-1E2F-4F09-A513-DFEDF644FAFD}.Debug|Any CPU.Build.0 = Debug|Any CPU
		{11D2EE53-1E2F-4F09-A513-DFEDF644FAFD}.Release|Any CPU.ActiveCfg = Release|Any CPU
		{11D2EE53-1E2F-4F09-A513-DFEDF644FAFD}.Release|Any CPU.Build.0 = Release|Any CPU
		{FADF0187-EC5F-4F0D-B06D-A29C5D6ECE3F}.Debug|Any CPU.ActiveCfg = Debug|Any CPU
		{FADF0187-EC5F-4F0D-B06D-A29C5D6ECE3F}.Debug|Any CPU.Build.0 = Debug|Any CPU
		{FADF0187-EC5F-4F0D-B06D-A29C5D6ECE3F}.Release|Any CPU.ActiveCfg = Release|Any CPU
		{FADF0187-EC5F-4F0D-B06D-A29C5D6ECE3F}.Release|Any CPU.Build.0 = Release|Any CPU
		{FABF0FA5-F2B2-4811-80A9-3CF8D75AC595}.Debug|Any CPU.ActiveCfg = Debug|Any CPU
		{FABF0FA5-F2B2-4811-80A9-3CF8D75AC595}.Debug|Any CPU.Build.0 = Debug|Any CPU
		{FABF0FA5-F2B2-4811-80A9-3CF8D75AC595}.Release|Any CPU.ActiveCfg = Release|Any CPU
		{FABF0FA5-F2B2-4811-80A9-3CF8D75AC595}.Release|Any CPU.Build.0 = Release|Any CPU
		{734EB2E2-D0C9-45C8-8C90-05F259A8C662}.Debug|Any CPU.ActiveCfg = Debug|Any CPU
		{734EB2E2-D0C9-45C8-8C90-05F259A8C662}.Debug|Any CPU.Build.0 = Debug|Any CPU
		{734EB2E2-D0C9-45C8-8C90-05F259A8C662}.Release|Any CPU.ActiveCfg = Release|Any CPU
		{734EB2E2-D0C9-45C8-8C90-05F259A8C662}.Release|Any CPU.Build.0 = Release|Any CPU
		{6B846890-C117-4090-8C82-ED34B3435DA9}.Debug|Any CPU.ActiveCfg = Debug|Any CPU
		{6B846890-C117-4090-8C82-ED34B3435DA9}.Debug|Any CPU.Build.0 = Debug|Any CPU
		{6B846890-C117-4090-8C82-ED34B3435DA9}.Release|Any CPU.ActiveCfg = Release|Any CPU
		{6B846890-C117-4090-8C82-ED34B3435DA9}.Release|Any CPU.Build.0 = Release|Any CPU
		{38E05E7F-0E74-4F2A-9F78-4A6F4B83A448}.Debug|Any CPU.ActiveCfg = Debug|Any CPU
		{38E05E7F-0E74-4F2A-9F78-4A6F4B83A448}.Debug|Any CPU.Build.0 = Debug|Any CPU
		{38E05E7F-0E74-4F2A-9F78-4A6F4B83A448}.Release|Any CPU.ActiveCfg = Release|Any CPU
		{38E05E7F-0E74-4F2A-9F78-4A6F4B83A448}.Release|Any CPU.Build.0 = Release|Any CPU
		{876D065A-A3DA-4E1F-845A-85669A0734AF}.Debug|Any CPU.ActiveCfg = Debug|Any CPU
		{876D065A-A3DA-4E1F-845A-85669A0734AF}.Debug|Any CPU.Build.0 = Debug|Any CPU
		{876D065A-A3DA-4E1F-845A-85669A0734AF}.Release|Any CPU.ActiveCfg = Release|Any CPU
		{876D065A-A3DA-4E1F-845A-85669A0734AF}.Release|Any CPU.Build.0 = Release|Any CPU
		{08F1A2E9-AF50-4C09-A165-F30B47D360D2}.Debug|Any CPU.ActiveCfg = Debug|Any CPU
		{08F1A2E9-AF50-4C09-A165-F30B47D360D2}.Debug|Any CPU.Build.0 = Debug|Any CPU
		{08F1A2E9-AF50-4C09-A165-F30B47D360D2}.Release|Any CPU.ActiveCfg = Release|Any CPU
		{08F1A2E9-AF50-4C09-A165-F30B47D360D2}.Release|Any CPU.Build.0 = Release|Any CPU
		{6D3198BE-40FF-4C43-B83C-1FFB669F2DBB}.Debug|Any CPU.ActiveCfg = Debug|Any CPU
		{6D3198BE-40FF-4C43-B83C-1FFB669F2DBB}.Debug|Any CPU.Build.0 = Debug|Any CPU
		{6D3198BE-40FF-4C43-B83C-1FFB669F2DBB}.Release|Any CPU.ActiveCfg = Release|Any CPU
		{6D3198BE-40FF-4C43-B83C-1FFB669F2DBB}.Release|Any CPU.Build.0 = Release|Any CPU
		{8B383AFE-3C83-439A-A43C-ED697C8FE5C9}.Debug|Any CPU.ActiveCfg = Debug|Any CPU
		{8B383AFE-3C83-439A-A43C-ED697C8FE5C9}.Debug|Any CPU.Build.0 = Debug|Any CPU
		{8B383AFE-3C83-439A-A43C-ED697C8FE5C9}.Release|Any CPU.ActiveCfg = Release|Any CPU
		{8B383AFE-3C83-439A-A43C-ED697C8FE5C9}.Release|Any CPU.Build.0 = Release|Any CPU
		{7AFC860D-E1DB-4B9A-B874-F2B8BD2AF5EA}.Debug|Any CPU.ActiveCfg = Debug|Any CPU
		{7AFC860D-E1DB-4B9A-B874-F2B8BD2AF5EA}.Debug|Any CPU.Build.0 = Debug|Any CPU
		{7AFC860D-E1DB-4B9A-B874-F2B8BD2AF5EA}.Release|Any CPU.ActiveCfg = Release|Any CPU
		{7AFC860D-E1DB-4B9A-B874-F2B8BD2AF5EA}.Release|Any CPU.Build.0 = Release|Any CPU
		{52D45E42-AE50-4B3D-AD24-E2DA223BA6A0}.Debug|Any CPU.ActiveCfg = Debug|Any CPU
		{52D45E42-AE50-4B3D-AD24-E2DA223BA6A0}.Debug|Any CPU.Build.0 = Debug|Any CPU
		{52D45E42-AE50-4B3D-AD24-E2DA223BA6A0}.Release|Any CPU.ActiveCfg = Release|Any CPU
		{52D45E42-AE50-4B3D-AD24-E2DA223BA6A0}.Release|Any CPU.Build.0 = Release|Any CPU
		{C4B1306E-C65F-4314-9983-BDCBD5734AAD}.Debug|Any CPU.ActiveCfg = Debug|Any CPU
		{C4B1306E-C65F-4314-9983-BDCBD5734AAD}.Debug|Any CPU.Build.0 = Debug|Any CPU
		{C4B1306E-C65F-4314-9983-BDCBD5734AAD}.Release|Any CPU.ActiveCfg = Release|Any CPU
		{C4B1306E-C65F-4314-9983-BDCBD5734AAD}.Release|Any CPU.Build.0 = Release|Any CPU
		{84329498-2B0E-4657-8280-5120DE382C25}.Debug|Any CPU.ActiveCfg = Debug|Any CPU
		{84329498-2B0E-4657-8280-5120DE382C25}.Debug|Any CPU.Build.0 = Debug|Any CPU
		{84329498-2B0E-4657-8280-5120DE382C25}.Release|Any CPU.ActiveCfg = Release|Any CPU
		{84329498-2B0E-4657-8280-5120DE382C25}.Release|Any CPU.Build.0 = Release|Any CPU
		{907397B8-B09B-4449-B836-F26B04D7813B}.Debug|Any CPU.ActiveCfg = Debug|Any CPU
		{907397B8-B09B-4449-B836-F26B04D7813B}.Debug|Any CPU.Build.0 = Debug|Any CPU
		{907397B8-B09B-4449-B836-F26B04D7813B}.Release|Any CPU.ActiveCfg = Release|Any CPU
		{907397B8-B09B-4449-B836-F26B04D7813B}.Release|Any CPU.Build.0 = Release|Any CPU
		{CBBFCBD2-2EB1-4FA0-B02A-A4DC24413BD0}.Debug|Any CPU.ActiveCfg = Debug|Any CPU
		{CBBFCBD2-2EB1-4FA0-B02A-A4DC24413BD0}.Debug|Any CPU.Build.0 = Debug|Any CPU
		{CBBFCBD2-2EB1-4FA0-B02A-A4DC24413BD0}.Release|Any CPU.ActiveCfg = Release|Any CPU
		{CBBFCBD2-2EB1-4FA0-B02A-A4DC24413BD0}.Release|Any CPU.Build.0 = Release|Any CPU
		{779E2038-A8D3-41F3-A073-E41C013603FF}.Debug|Any CPU.ActiveCfg = Debug|Any CPU
		{779E2038-A8D3-41F3-A073-E41C013603FF}.Debug|Any CPU.Build.0 = Debug|Any CPU
		{779E2038-A8D3-41F3-A073-E41C013603FF}.Release|Any CPU.ActiveCfg = Release|Any CPU
		{779E2038-A8D3-41F3-A073-E41C013603FF}.Release|Any CPU.Build.0 = Release|Any CPU
		{E9BE4A22-C1FC-491F-B62A-F5FB223B1470}.Debug|Any CPU.ActiveCfg = Debug|Any CPU
		{E9BE4A22-C1FC-491F-B62A-F5FB223B1470}.Debug|Any CPU.Build.0 = Debug|Any CPU
		{E9BE4A22-C1FC-491F-B62A-F5FB223B1470}.Release|Any CPU.ActiveCfg = Release|Any CPU
		{E9BE4A22-C1FC-491F-B62A-F5FB223B1470}.Release|Any CPU.Build.0 = Release|Any CPU
		{BA86DAF5-84C4-4C0B-994D-ED73DDCC87B4}.Debug|Any CPU.ActiveCfg = Debug|Any CPU
		{BA86DAF5-84C4-4C0B-994D-ED73DDCC87B4}.Debug|Any CPU.Build.0 = Debug|Any CPU
		{BA86DAF5-84C4-4C0B-994D-ED73DDCC87B4}.Release|Any CPU.ActiveCfg = Release|Any CPU
		{BA86DAF5-84C4-4C0B-994D-ED73DDCC87B4}.Release|Any CPU.Build.0 = Release|Any CPU
		{FFEA1D20-3D99-4790-9B83-0CB7583CCA75}.Debug|Any CPU.ActiveCfg = Debug|Any CPU
		{FFEA1D20-3D99-4790-9B83-0CB7583CCA75}.Debug|Any CPU.Build.0 = Debug|Any CPU
		{FFEA1D20-3D99-4790-9B83-0CB7583CCA75}.Release|Any CPU.ActiveCfg = Release|Any CPU
		{FFEA1D20-3D99-4790-9B83-0CB7583CCA75}.Release|Any CPU.Build.0 = Release|Any CPU
		{B72A0A07-5D7E-422E-A9AD-C6A0ADD66535}.Debug|Any CPU.ActiveCfg = Debug|Any CPU
		{B72A0A07-5D7E-422E-A9AD-C6A0ADD66535}.Debug|Any CPU.Build.0 = Debug|Any CPU
		{B72A0A07-5D7E-422E-A9AD-C6A0ADD66535}.Release|Any CPU.ActiveCfg = Release|Any CPU
		{B72A0A07-5D7E-422E-A9AD-C6A0ADD66535}.Release|Any CPU.Build.0 = Release|Any CPU
		{DAD24C87-AEF5-4420-98F4-DE2791D78AC5}.Debug|Any CPU.ActiveCfg = Debug|Any CPU
		{DAD24C87-AEF5-4420-98F4-DE2791D78AC5}.Debug|Any CPU.Build.0 = Debug|Any CPU
		{DAD24C87-AEF5-4420-98F4-DE2791D78AC5}.Release|Any CPU.ActiveCfg = Release|Any CPU
		{DAD24C87-AEF5-4420-98F4-DE2791D78AC5}.Release|Any CPU.Build.0 = Release|Any CPU
		{336475BC-1FCD-4D04-9E18-261E6D515C86}.Debug|Any CPU.ActiveCfg = Debug|Any CPU
		{336475BC-1FCD-4D04-9E18-261E6D515C86}.Debug|Any CPU.Build.0 = Debug|Any CPU
		{336475BC-1FCD-4D04-9E18-261E6D515C86}.Release|Any CPU.ActiveCfg = Release|Any CPU
		{336475BC-1FCD-4D04-9E18-261E6D515C86}.Release|Any CPU.Build.0 = Release|Any CPU
		{75BDD230-E8A8-415A-809C-712D98D3EEA9}.Debug|Any CPU.ActiveCfg = Debug|Any CPU
		{75BDD230-E8A8-415A-809C-712D98D3EEA9}.Debug|Any CPU.Build.0 = Debug|Any CPU
		{75BDD230-E8A8-415A-809C-712D98D3EEA9}.Release|Any CPU.ActiveCfg = Release|Any CPU
		{75BDD230-E8A8-415A-809C-712D98D3EEA9}.Release|Any CPU.Build.0 = Release|Any CPU
		{972D8ABD-1449-4239-86F2-4B5D6E125D83}.Debug|Any CPU.ActiveCfg = Debug|Any CPU
		{972D8ABD-1449-4239-86F2-4B5D6E125D83}.Debug|Any CPU.Build.0 = Debug|Any CPU
		{972D8ABD-1449-4239-86F2-4B5D6E125D83}.Release|Any CPU.ActiveCfg = Release|Any CPU
		{972D8ABD-1449-4239-86F2-4B5D6E125D83}.Release|Any CPU.Build.0 = Release|Any CPU
		{61C3BB00-7209-4E2D-BF4E-EA3F569E6CDD}.Debug|Any CPU.ActiveCfg = Debug|Any CPU
		{61C3BB00-7209-4E2D-BF4E-EA3F569E6CDD}.Debug|Any CPU.Build.0 = Debug|Any CPU
		{61C3BB00-7209-4E2D-BF4E-EA3F569E6CDD}.Release|Any CPU.ActiveCfg = Release|Any CPU
		{61C3BB00-7209-4E2D-BF4E-EA3F569E6CDD}.Release|Any CPU.Build.0 = Release|Any CPU
		{888966CC-18D0-44A8-AFA0-57D6B96BCCE6}.Debug|Any CPU.ActiveCfg = Debug|Any CPU
		{888966CC-18D0-44A8-AFA0-57D6B96BCCE6}.Debug|Any CPU.Build.0 = Debug|Any CPU
		{888966CC-18D0-44A8-AFA0-57D6B96BCCE6}.Release|Any CPU.ActiveCfg = Release|Any CPU
		{888966CC-18D0-44A8-AFA0-57D6B96BCCE6}.Release|Any CPU.Build.0 = Release|Any CPU
		{20BA1C1B-4866-4B4A-844F-02E8D1D694EB}.Debug|Any CPU.ActiveCfg = Debug|Any CPU
		{20BA1C1B-4866-4B4A-844F-02E8D1D694EB}.Debug|Any CPU.Build.0 = Debug|Any CPU
		{20BA1C1B-4866-4B4A-844F-02E8D1D694EB}.Release|Any CPU.ActiveCfg = Release|Any CPU
		{20BA1C1B-4866-4B4A-844F-02E8D1D694EB}.Release|Any CPU.Build.0 = Release|Any CPU
		{607F25FD-9BA7-4191-A4A8-9E4825185C64}.Debug|Any CPU.ActiveCfg = Debug|Any CPU
		{607F25FD-9BA7-4191-A4A8-9E4825185C64}.Debug|Any CPU.Build.0 = Debug|Any CPU
		{607F25FD-9BA7-4191-A4A8-9E4825185C64}.Release|Any CPU.ActiveCfg = Release|Any CPU
		{607F25FD-9BA7-4191-A4A8-9E4825185C64}.Release|Any CPU.Build.0 = Release|Any CPU
		{3C1329C6-14EE-4942-8082-6E4891C3383E}.Debug|Any CPU.ActiveCfg = Debug|Any CPU
		{3C1329C6-14EE-4942-8082-6E4891C3383E}.Debug|Any CPU.Build.0 = Debug|Any CPU
		{3C1329C6-14EE-4942-8082-6E4891C3383E}.Release|Any CPU.ActiveCfg = Release|Any CPU
		{3C1329C6-14EE-4942-8082-6E4891C3383E}.Release|Any CPU.Build.0 = Release|Any CPU
		{3EC0DC46-CBDE-4309-A2E5-DCA68D3C3B23}.Debug|Any CPU.ActiveCfg = Debug|Any CPU
		{3EC0DC46-CBDE-4309-A2E5-DCA68D3C3B23}.Debug|Any CPU.Build.0 = Debug|Any CPU
		{3EC0DC46-CBDE-4309-A2E5-DCA68D3C3B23}.Release|Any CPU.ActiveCfg = Release|Any CPU
		{3EC0DC46-CBDE-4309-A2E5-DCA68D3C3B23}.Release|Any CPU.Build.0 = Release|Any CPU
		{02A185AE-EE5E-428E-9730-01E010F2BF90}.Debug|Any CPU.ActiveCfg = Debug|Any CPU
		{02A185AE-EE5E-428E-9730-01E010F2BF90}.Debug|Any CPU.Build.0 = Debug|Any CPU
		{02A185AE-EE5E-428E-9730-01E010F2BF90}.Release|Any CPU.ActiveCfg = Release|Any CPU
		{02A185AE-EE5E-428E-9730-01E010F2BF90}.Release|Any CPU.Build.0 = Release|Any CPU
		{8EDDA7D8-8AC6-4179-B171-8470CF4DD528}.Debug|Any CPU.ActiveCfg = Debug|Any CPU
		{8EDDA7D8-8AC6-4179-B171-8470CF4DD528}.Debug|Any CPU.Build.0 = Debug|Any CPU
		{8EDDA7D8-8AC6-4179-B171-8470CF4DD528}.Release|Any CPU.ActiveCfg = Release|Any CPU
		{8EDDA7D8-8AC6-4179-B171-8470CF4DD528}.Release|Any CPU.Build.0 = Release|Any CPU
		{00AA4A5C-A9A7-4907-912F-00ED94FDBF43}.Debug|Any CPU.ActiveCfg = Debug|Any CPU
		{00AA4A5C-A9A7-4907-912F-00ED94FDBF43}.Debug|Any CPU.Build.0 = Debug|Any CPU
		{00AA4A5C-A9A7-4907-912F-00ED94FDBF43}.Release|Any CPU.ActiveCfg = Release|Any CPU
		{00AA4A5C-A9A7-4907-912F-00ED94FDBF43}.Release|Any CPU.Build.0 = Release|Any CPU
		{55B1B6AD-853E-4FCA-8C99-F9CDBA71ED9E}.Debug|Any CPU.ActiveCfg = Debug|Any CPU
		{55B1B6AD-853E-4FCA-8C99-F9CDBA71ED9E}.Debug|Any CPU.Build.0 = Debug|Any CPU
		{55B1B6AD-853E-4FCA-8C99-F9CDBA71ED9E}.Release|Any CPU.ActiveCfg = Release|Any CPU
		{55B1B6AD-853E-4FCA-8C99-F9CDBA71ED9E}.Release|Any CPU.Build.0 = Release|Any CPU
		{72AF91F5-9EF0-4A48-AE00-C73B0B6CCFA2}.Debug|Any CPU.ActiveCfg = Debug|Any CPU
		{72AF91F5-9EF0-4A48-AE00-C73B0B6CCFA2}.Debug|Any CPU.Build.0 = Debug|Any CPU
		{72AF91F5-9EF0-4A48-AE00-C73B0B6CCFA2}.Release|Any CPU.ActiveCfg = Release|Any CPU
		{72AF91F5-9EF0-4A48-AE00-C73B0B6CCFA2}.Release|Any CPU.Build.0 = Release|Any CPU
		{6E110A8E-2B23-4069-8454-0155101E9D7D}.Debug|Any CPU.ActiveCfg = Debug|Any CPU
		{6E110A8E-2B23-4069-8454-0155101E9D7D}.Debug|Any CPU.Build.0 = Debug|Any CPU
		{6E110A8E-2B23-4069-8454-0155101E9D7D}.Release|Any CPU.ActiveCfg = Release|Any CPU
		{6E110A8E-2B23-4069-8454-0155101E9D7D}.Release|Any CPU.Build.0 = Release|Any CPU
		{CFB8E0DD-D2EB-4DFC-9627-1B302DFA0BDD}.Debug|Any CPU.ActiveCfg = Debug|Any CPU
		{CFB8E0DD-D2EB-4DFC-9627-1B302DFA0BDD}.Debug|Any CPU.Build.0 = Debug|Any CPU
		{CFB8E0DD-D2EB-4DFC-9627-1B302DFA0BDD}.Release|Any CPU.ActiveCfg = Release|Any CPU
		{CFB8E0DD-D2EB-4DFC-9627-1B302DFA0BDD}.Release|Any CPU.Build.0 = Release|Any CPU
		{3EE5BF9E-63DC-40C7-9E42-267113BFF129}.Debug|Any CPU.ActiveCfg = Debug|Any CPU
		{3EE5BF9E-63DC-40C7-9E42-267113BFF129}.Debug|Any CPU.Build.0 = Debug|Any CPU
		{3EE5BF9E-63DC-40C7-9E42-267113BFF129}.Release|Any CPU.ActiveCfg = Release|Any CPU
		{3EE5BF9E-63DC-40C7-9E42-267113BFF129}.Release|Any CPU.Build.0 = Release|Any CPU
		{35ADC2E6-1F57-4B08-ABF5-330EB156D45F}.Debug|Any CPU.ActiveCfg = Debug|Any CPU
		{35ADC2E6-1F57-4B08-ABF5-330EB156D45F}.Debug|Any CPU.Build.0 = Debug|Any CPU
		{35ADC2E6-1F57-4B08-ABF5-330EB156D45F}.Release|Any CPU.ActiveCfg = Release|Any CPU
		{35ADC2E6-1F57-4B08-ABF5-330EB156D45F}.Release|Any CPU.Build.0 = Release|Any CPU
		{01CB54A1-BD24-4B57-9D4D-48D6564C20FF}.Debug|Any CPU.ActiveCfg = Debug|Any CPU
		{01CB54A1-BD24-4B57-9D4D-48D6564C20FF}.Debug|Any CPU.Build.0 = Debug|Any CPU
		{01CB54A1-BD24-4B57-9D4D-48D6564C20FF}.Release|Any CPU.ActiveCfg = Release|Any CPU
		{01CB54A1-BD24-4B57-9D4D-48D6564C20FF}.Release|Any CPU.Build.0 = Release|Any CPU
		{766874D6-5C1E-486F-8F1C-D9E6DBC2F4DA}.Debug|Any CPU.ActiveCfg = Debug|Any CPU
		{766874D6-5C1E-486F-8F1C-D9E6DBC2F4DA}.Debug|Any CPU.Build.0 = Debug|Any CPU
		{766874D6-5C1E-486F-8F1C-D9E6DBC2F4DA}.Release|Any CPU.ActiveCfg = Release|Any CPU
		{766874D6-5C1E-486F-8F1C-D9E6DBC2F4DA}.Release|Any CPU.Build.0 = Release|Any CPU
		{750C5A80-27CB-486B-B909-E70D58783262}.Debug|Any CPU.ActiveCfg = Debug|Any CPU
		{750C5A80-27CB-486B-B909-E70D58783262}.Debug|Any CPU.Build.0 = Debug|Any CPU
		{750C5A80-27CB-486B-B909-E70D58783262}.Release|Any CPU.ActiveCfg = Release|Any CPU
		{750C5A80-27CB-486B-B909-E70D58783262}.Release|Any CPU.Build.0 = Release|Any CPU
		{4AFC7C20-E189-4CD0-A404-D17ED82E013C}.Debug|Any CPU.ActiveCfg = Debug|Any CPU
		{4AFC7C20-E189-4CD0-A404-D17ED82E013C}.Debug|Any CPU.Build.0 = Debug|Any CPU
		{4AFC7C20-E189-4CD0-A404-D17ED82E013C}.Release|Any CPU.ActiveCfg = Release|Any CPU
		{4AFC7C20-E189-4CD0-A404-D17ED82E013C}.Release|Any CPU.Build.0 = Release|Any CPU
		{B95420DF-FA8C-48BA-9B5F-35930318D1B7}.Debug|Any CPU.ActiveCfg = Debug|Any CPU
		{B95420DF-FA8C-48BA-9B5F-35930318D1B7}.Debug|Any CPU.Build.0 = Debug|Any CPU
		{B95420DF-FA8C-48BA-9B5F-35930318D1B7}.Release|Any CPU.ActiveCfg = Release|Any CPU
		{B95420DF-FA8C-48BA-9B5F-35930318D1B7}.Release|Any CPU.Build.0 = Release|Any CPU
		{3CCCC85A-5123-4FDD-BE95-7B1DA533E588}.Debug|Any CPU.ActiveCfg = Debug|Any CPU
		{3CCCC85A-5123-4FDD-BE95-7B1DA533E588}.Debug|Any CPU.Build.0 = Debug|Any CPU
		{3CCCC85A-5123-4FDD-BE95-7B1DA533E588}.Release|Any CPU.ActiveCfg = Release|Any CPU
		{3CCCC85A-5123-4FDD-BE95-7B1DA533E588}.Release|Any CPU.Build.0 = Release|Any CPU
		{C2DA9DD7-F086-4DB3-B752-2B31CF2C25B5}.Debug|Any CPU.ActiveCfg = Debug|Any CPU
		{C2DA9DD7-F086-4DB3-B752-2B31CF2C25B5}.Debug|Any CPU.Build.0 = Debug|Any CPU
		{C2DA9DD7-F086-4DB3-B752-2B31CF2C25B5}.Release|Any CPU.ActiveCfg = Release|Any CPU
		{C2DA9DD7-F086-4DB3-B752-2B31CF2C25B5}.Release|Any CPU.Build.0 = Release|Any CPU
		{AB66B79B-AC66-4F58-B202-3D51CC6842ED}.Debug|Any CPU.ActiveCfg = Debug|Any CPU
		{AB66B79B-AC66-4F58-B202-3D51CC6842ED}.Debug|Any CPU.Build.0 = Debug|Any CPU
		{AB66B79B-AC66-4F58-B202-3D51CC6842ED}.Release|Any CPU.ActiveCfg = Release|Any CPU
		{AB66B79B-AC66-4F58-B202-3D51CC6842ED}.Release|Any CPU.Build.0 = Release|Any CPU
		{674F841B-5C28-4C82-B625-132F640CCC1F}.Debug|Any CPU.ActiveCfg = Debug|Any CPU
		{674F841B-5C28-4C82-B625-132F640CCC1F}.Debug|Any CPU.Build.0 = Debug|Any CPU
		{674F841B-5C28-4C82-B625-132F640CCC1F}.Release|Any CPU.ActiveCfg = Release|Any CPU
		{674F841B-5C28-4C82-B625-132F640CCC1F}.Release|Any CPU.Build.0 = Release|Any CPU
		{32F41A06-25F0-4A83-BB89-1B0F977CDD8C}.Debug|Any CPU.ActiveCfg = Debug|Any CPU
		{32F41A06-25F0-4A83-BB89-1B0F977CDD8C}.Debug|Any CPU.Build.0 = Debug|Any CPU
		{32F41A06-25F0-4A83-BB89-1B0F977CDD8C}.Release|Any CPU.ActiveCfg = Release|Any CPU
		{32F41A06-25F0-4A83-BB89-1B0F977CDD8C}.Release|Any CPU.Build.0 = Release|Any CPU
		{9FC1F7D4-60C9-4FFC-B59A-D587110091BD}.Debug|Any CPU.ActiveCfg = Debug|Any CPU
		{9FC1F7D4-60C9-4FFC-B59A-D587110091BD}.Debug|Any CPU.Build.0 = Debug|Any CPU
		{9FC1F7D4-60C9-4FFC-B59A-D587110091BD}.Release|Any CPU.ActiveCfg = Release|Any CPU
		{9FC1F7D4-60C9-4FFC-B59A-D587110091BD}.Release|Any CPU.Build.0 = Release|Any CPU
		{C2AA3145-8480-4796-851B-7D97CA3998BA}.Debug|Any CPU.ActiveCfg = Debug|Any CPU
		{C2AA3145-8480-4796-851B-7D97CA3998BA}.Debug|Any CPU.Build.0 = Debug|Any CPU
		{C2AA3145-8480-4796-851B-7D97CA3998BA}.Release|Any CPU.ActiveCfg = Release|Any CPU
		{C2AA3145-8480-4796-851B-7D97CA3998BA}.Release|Any CPU.Build.0 = Release|Any CPU
		{EA786196-89EC-42E2-ADAA-C1393358A664}.Debug|Any CPU.ActiveCfg = Debug|Any CPU
		{EA786196-89EC-42E2-ADAA-C1393358A664}.Debug|Any CPU.Build.0 = Debug|Any CPU
		{EA786196-89EC-42E2-ADAA-C1393358A664}.Release|Any CPU.ActiveCfg = Release|Any CPU
		{EA786196-89EC-42E2-ADAA-C1393358A664}.Release|Any CPU.Build.0 = Release|Any CPU
		{79971CCE-F85C-4623-B76A-5C01BC97F4D9}.Debug|Any CPU.ActiveCfg = Debug|Any CPU
		{79971CCE-F85C-4623-B76A-5C01BC97F4D9}.Debug|Any CPU.Build.0 = Debug|Any CPU
		{79971CCE-F85C-4623-B76A-5C01BC97F4D9}.Release|Any CPU.ActiveCfg = Release|Any CPU
		{79971CCE-F85C-4623-B76A-5C01BC97F4D9}.Release|Any CPU.Build.0 = Release|Any CPU
		{E358A086-32ED-4692-AF3A-E81C0B9524F0}.Debug|Any CPU.ActiveCfg = Debug|Any CPU
		{E358A086-32ED-4692-AF3A-E81C0B9524F0}.Debug|Any CPU.Build.0 = Debug|Any CPU
		{E358A086-32ED-4692-AF3A-E81C0B9524F0}.Release|Any CPU.ActiveCfg = Release|Any CPU
		{E358A086-32ED-4692-AF3A-E81C0B9524F0}.Release|Any CPU.Build.0 = Release|Any CPU
		{1D37FDB0-F596-4309-A388-483210502E2F}.Debug|Any CPU.ActiveCfg = Debug|Any CPU
		{1D37FDB0-F596-4309-A388-483210502E2F}.Debug|Any CPU.Build.0 = Debug|Any CPU
		{1D37FDB0-F596-4309-A388-483210502E2F}.Release|Any CPU.ActiveCfg = Release|Any CPU
		{1D37FDB0-F596-4309-A388-483210502E2F}.Release|Any CPU.Build.0 = Release|Any CPU
		{7347B72F-5189-4CB6-AA54-33A0C4041A01}.Debug|Any CPU.ActiveCfg = Debug|Any CPU
		{7347B72F-5189-4CB6-AA54-33A0C4041A01}.Debug|Any CPU.Build.0 = Debug|Any CPU
		{7347B72F-5189-4CB6-AA54-33A0C4041A01}.Release|Any CPU.ActiveCfg = Release|Any CPU
		{7347B72F-5189-4CB6-AA54-33A0C4041A01}.Release|Any CPU.Build.0 = Release|Any CPU
		{D6EAE666-CE81-494C-92DF-0240B912FA58}.Debug|Any CPU.ActiveCfg = Debug|Any CPU
		{D6EAE666-CE81-494C-92DF-0240B912FA58}.Debug|Any CPU.Build.0 = Debug|Any CPU
		{D6EAE666-CE81-494C-92DF-0240B912FA58}.Release|Any CPU.ActiveCfg = Release|Any CPU
		{D6EAE666-CE81-494C-92DF-0240B912FA58}.Release|Any CPU.Build.0 = Release|Any CPU
		{476F30B2-CBF3-49BC-BEE5-33F39368BB87}.Debug|Any CPU.ActiveCfg = Debug|Any CPU
		{476F30B2-CBF3-49BC-BEE5-33F39368BB87}.Debug|Any CPU.Build.0 = Debug|Any CPU
		{476F30B2-CBF3-49BC-BEE5-33F39368BB87}.Release|Any CPU.ActiveCfg = Release|Any CPU
		{476F30B2-CBF3-49BC-BEE5-33F39368BB87}.Release|Any CPU.Build.0 = Release|Any CPU
		{6A45178C-DD4A-4977-892C-7A663BE5A406}.Debug|Any CPU.ActiveCfg = Debug|Any CPU
		{6A45178C-DD4A-4977-892C-7A663BE5A406}.Debug|Any CPU.Build.0 = Debug|Any CPU
		{6A45178C-DD4A-4977-892C-7A663BE5A406}.Release|Any CPU.ActiveCfg = Release|Any CPU
		{6A45178C-DD4A-4977-892C-7A663BE5A406}.Release|Any CPU.Build.0 = Release|Any CPU
		{6477570C-E19F-422D-A972-969542536768}.Debug|Any CPU.ActiveCfg = Debug|Any CPU
		{6477570C-E19F-422D-A972-969542536768}.Debug|Any CPU.Build.0 = Debug|Any CPU
		{6477570C-E19F-422D-A972-969542536768}.Release|Any CPU.ActiveCfg = Release|Any CPU
		{6477570C-E19F-422D-A972-969542536768}.Release|Any CPU.Build.0 = Release|Any CPU
	EndGlobalSection
	GlobalSection(SolutionProperties) = preSolution
		HideSolutionNode = FALSE
	EndGlobalSection
	GlobalSection(ExtensibilityGlobals) = postSolution
		SolutionGuid = {222DB835-D435-49B2-B817-1E686F54EB8D}
	EndGlobalSection
EndGlobal
