
Microsoft Visual Studio Solution File, Format Version 12.00
# Visual Studio Version 17
VisualStudioVersion = 17.4.33205.214
MinimumVisualStudioVersion = 10.0.40219.1
Project("{9A19103F-16F7-4668-BE54-9A1E7A4F7556}") = "AutoMapperDemo", "AutoMapperDemo\AutoMapperDemo.csproj", "{3AE42B5A-4D56-43F8-A41A-3644590232FC}"
EndProject
Project("{FAE04EC0-301F-11D3-BF4B-00C04F79EFBC}") = "AppDomainSample", "AppDomainSample\AppDomainSample.csproj", "{F59E267C-31A1-4AB5-BD67-CCC78CAAF06F}"
EndProject
Project("{FAE04EC0-301F-11D3-BF4B-00C04F79EFBC}") = "ConsoleApp1", "ConsoleApp1\ConsoleApp1.csproj", "{793B8D5B-BD53-4B32-90CF-775CB141E2F9}"
EndProject
Project("{9A19103F-16F7-4668-BE54-9A1E7A4F7556}") = "AsyncDemo", "AsyncDemo\AsyncDemo.csproj", "{11D2EE53-1E2F-4F09-A513-DFEDF644FAFD}"
EndProject
Project("{9A19103F-16F7-4668-BE54-9A1E7A4F7556}") = "ThreadDemo", "ThreadDemo\ThreadDemo.csproj", "{FADF0187-EC5F-4F0D-B06D-A29C5D6ECE3F}"
EndProject
Project("{9A19103F-16F7-4668-BE54-9A1E7A4F7556}") = "mlnet1", "mlnet1\mlnet1.csproj", "{FABF0FA5-F2B2-4811-80A9-3CF8D75AC595}"
EndProject
Project("{9A19103F-16F7-4668-BE54-9A1E7A4F7556}") = "specflow2", "specflow2\specflow2.csproj", "{734EB2E2-D0C9-45C8-8C90-05F259A8C662}"
EndProject
Project("{9A19103F-16F7-4668-BE54-9A1E7A4F7556}") = "environment", "environment\environment.csproj", "{6B846890-C117-4090-8C82-ED34B3435DA9}"
EndProject
Project("{9A19103F-16F7-4668-BE54-9A1E7A4F7556}") = "jsonstring", "jsonstring\jsonstring.csproj", "{38E05E7F-0E74-4F2A-9F78-4A6F4B83A448}"
EndProject
Project("{9A19103F-16F7-4668-BE54-9A1E7A4F7556}") = "GenericAction", "GenericAction\GenericAction.csproj", "{876D065A-A3DA-4E1F-845A-85669A0734AF}"
EndProject
Project("{9A19103F-16F7-4668-BE54-9A1E7A4F7556}") = "JSONTask", "JSONTask\JSONTask.csproj", "{08F1A2E9-AF50-4C09-A165-F30B47D360D2}"
EndProject
Project("{9A19103F-16F7-4668-BE54-9A1E7A4F7556}") = "UTCTime", "UTCTime\UTCTime.csproj", "{6D3198BE-40FF-4C43-B83C-1FFB669F2DBB}"
EndProject
Project("{9A19103F-16F7-4668-BE54-9A1E7A4F7556}") = "LibA", "LibA\LibA.csproj", "{8B383AFE-3C83-439A-A43C-ED697C8FE5C9}"
EndProject
Project("{FAE04EC0-301F-11D3-BF4B-00C04F79EFBC}") = "ConsoleTest", "ConsoleTest\ConsoleTest.csproj", "{7AFC860D-E1DB-4B9A-B874-F2B8BD2AF5EA}"
	ProjectSection(ProjectDependencies) = postProject
		{8B383AFE-3C83-439A-A43C-ED697C8FE5C9} = {8B383AFE-3C83-439A-A43C-ED697C8FE5C9}
	EndProjectSection
EndProject
Project("{9A19103F-16F7-4668-BE54-9A1E7A4F7556}") = "ReadWriteLockDemo", "ReadWriteLockDemo\ReadWriteLockDemo.csproj", "{52D45E42-AE50-4B3D-AD24-E2DA223BA6A0}"
EndProject
Project("{9A19103F-16F7-4668-BE54-9A1E7A4F7556}") = "signalingdemo", "signalingdemo\signalingdemo.csproj", "{C4B1306E-C65F-4314-9983-BDCBD5734AAD}"
EndProject
Project("{9A19103F-16F7-4668-BE54-9A1E7A4F7556}") = "XMLDemo", "XMLDemo\XMLDemo.csproj", "{84329498-2B0E-4657-8280-5120DE382C25}"
EndProject
Project("{9A19103F-16F7-4668-BE54-9A1E7A4F7556}") = "XiaoLi", "XiaoLi\XiaoLi.csproj", "{907397B8-B09B-4449-B836-F26B04D7813B}"
EndProject
Project("{9A19103F-16F7-4668-BE54-9A1E7A4F7556}") = "UTF8", "UTF8\UTF8.csproj", "{CBBFCBD2-2EB1-4FA0-B02A-A4DC24413BD0}"
EndProject
Project("{9A19103F-16F7-4668-BE54-9A1E7A4F7556}") = "polymorphism", "polymorphism\polymorphism.csproj", "{779E2038-A8D3-41F3-A073-E41C013603FF}"
EndProject
Project("{9A19103F-16F7-4668-BE54-9A1E7A4F7556}") = "MongoTestBed", "MongoTestBed\MongoTestBed.csproj", "{E9BE4A22-C1FC-491F-B62A-F5FB223B1470}"
EndProject
Project("{FAE04EC0-301F-11D3-BF4B-00C04F79EFBC}") = "FrameWorkTest", "ConsoleApp2\FrameWorkTest.csproj", "{BA86DAF5-84C4-4C0B-994D-ED73DDCC87B4}"
EndProject
Project("{9A19103F-16F7-4668-BE54-9A1E7A4F7556}") = "enum", "enum\enum.csproj", "{FFEA1D20-3D99-4790-9B83-0CB7583CCA75}"
EndProject
Project("{9A19103F-16F7-4668-BE54-9A1E7A4F7556}") = "ReflectionDemo", "ReflectionDemo\ReflectionDemo.csproj", "{B72A0A07-5D7E-422E-A9AD-C6A0ADD66535}"
EndProject
Project("{9A19103F-16F7-4668-BE54-9A1E7A4F7556}") = "EFGetStarted", "EFGetStarted\EFGetStarted.csproj", "{DAD24C87-AEF5-4420-98F4-DE2791D78AC5}"
EndProject
Project("{9A19103F-16F7-4668-BE54-9A1E7A4F7556}") = "Concurrency", "Concurrency\Concurrency.csproj", "{336475BC-1FCD-4D04-9E18-261E6D515C86}"
EndProject
Project("{9A19103F-16F7-4668-BE54-9A1E7A4F7556}") = "Config", "Config\Config.csproj", "{75BDD230-E8A8-415A-809C-712D98D3EEA9}"
EndProject
Project("{9A19103F-16F7-4668-BE54-9A1E7A4F7556}") = "SpecFlowCalculator", "SpecFlowCalculator\SpecFlowCalculator.csproj", "{972D8ABD-1449-4239-86F2-4B5D6E125D83}"
EndProject
Project("{9A19103F-16F7-4668-BE54-9A1E7A4F7556}") = "SpecFlowCalculator.Specs", "SpecFlowCalculator.Specs\SpecFlowCalculator.Specs.csproj", "{821B1CEA-1952-49D7-922C-392E4CAF9EB8}"
EndProject
Project("{9A19103F-16F7-4668-BE54-9A1E7A4F7556}") = "SpecFlowCalculator.MSTestTag", "SpecFlowCalculator.MSTestTag\SpecFlowCalculator.MSTestTag.csproj", "{61C3BB00-7209-4E2D-BF4E-EA3F569E6CDD}"
EndProject
Project("{FAE04EC0-301F-11D3-BF4B-00C04F79EFBC}") = "SpecFlowCalculator.GlobalSteps", "SpecFlowCalculator.GlobalSteps\SpecFlowCalculator.GlobalSteps.csproj", "{888966CC-18D0-44A8-AFA0-57D6B96BCCE6}"
EndProject
Project("{FAE04EC0-301F-11D3-BF4B-00C04F79EFBC}") = "SpecFlowBaseClassIssueDemo", "SpecFlowBaseClassIssueDemo\SpecFlowBaseClassIssueDemo.csproj", "{20BA1C1B-4866-4B4A-844F-02E8D1D694EB}"
EndProject
Global
	GlobalSection(SolutionConfigurationPlatforms) = preSolution
		Debug|Any CPU = Debug|Any CPU
		Release|Any CPU = Release|Any CPU
	EndGlobalSection
	GlobalSection(ProjectConfigurationPlatforms) = postSolution
		{3AE42B5A-4D56-43F8-A41A-3644590232FC}.Debug|Any CPU.ActiveCfg = Debug|Any CPU
		{3AE42B5A-4D56-43F8-A41A-3644590232FC}.Debug|Any CPU.Build.0 = Debug|Any CPU
		{3AE42B5A-4D56-43F8-A41A-3644590232FC}.Release|Any CPU.ActiveCfg = Release|Any CPU
		{3AE42B5A-4D56-43F8-A41A-3644590232FC}.Release|Any CPU.Build.0 = Release|Any CPU
		{F59E267C-31A1-4AB5-BD67-CCC78CAAF06F}.Debug|Any CPU.ActiveCfg = Debug|Any CPU
		{F59E267C-31A1-4AB5-BD67-CCC78CAAF06F}.Debug|Any CPU.Build.0 = Debug|Any CPU
		{F59E267C-31A1-4AB5-BD67-CCC78CAAF06F}.Release|Any CPU.ActiveCfg = Release|Any CPU
		{F59E267C-31A1-4AB5-BD67-CCC78CAAF06F}.Release|Any CPU.Build.0 = Release|Any CPU
		{793B8D5B-BD53-4B32-90CF-775CB141E2F9}.Debug|Any CPU.ActiveCfg = Debug|Any CPU
		{793B8D5B-BD53-4B32-90CF-775CB141E2F9}.Debug|Any CPU.Build.0 = Debug|Any CPU
		{793B8D5B-BD53-4B32-90CF-775CB141E2F9}.Release|Any CPU.ActiveCfg = Release|Any CPU
		{793B8D5B-BD53-4B32-90CF-775CB141E2F9}.Release|Any CPU.Build.0 = Release|Any CPU
		{11D2EE53-1E2F-4F09-A513-DFEDF644FAFD}.Debug|Any CPU.ActiveCfg = Debug|Any CPU
		{11D2EE53-1E2F-4F09-A513-DFEDF644FAFD}.Debug|Any CPU.Build.0 = Debug|Any CPU
		{11D2EE53-1E2F-4F09-A513-DFEDF644FAFD}.Release|Any CPU.ActiveCfg = Release|Any CPU
		{11D2EE53-1E2F-4F09-A513-DFEDF644FAFD}.Release|Any CPU.Build.0 = Release|Any CPU
		{FADF0187-EC5F-4F0D-B06D-A29C5D6ECE3F}.Debug|Any CPU.ActiveCfg = Debug|Any CPU
		{FADF0187-EC5F-4F0D-B06D-A29C5D6ECE3F}.Debug|Any CPU.Build.0 = Debug|Any CPU
		{FADF0187-EC5F-4F0D-B06D-A29C5D6ECE3F}.Release|Any CPU.ActiveCfg = Release|Any CPU
		{FADF0187-EC5F-4F0D-B06D-A29C5D6ECE3F}.Release|Any CPU.Build.0 = Release|Any CPU
		{FABF0FA5-F2B2-4811-80A9-3CF8D75AC595}.Debug|Any CPU.ActiveCfg = Debug|Any CPU
		{FABF0FA5-F2B2-4811-80A9-3CF8D75AC595}.Debug|Any CPU.Build.0 = Debug|Any CPU
		{FABF0FA5-F2B2-4811-80A9-3CF8D75AC595}.Release|Any CPU.ActiveCfg = Release|Any CPU
		{FABF0FA5-F2B2-4811-80A9-3CF8D75AC595}.Release|Any CPU.Build.0 = Release|Any CPU
		{734EB2E2-D0C9-45C8-8C90-05F259A8C662}.Debug|Any CPU.ActiveCfg = Debug|Any CPU
		{734EB2E2-D0C9-45C8-8C90-05F259A8C662}.Debug|Any CPU.Build.0 = Debug|Any CPU
		{734EB2E2-D0C9-45C8-8C90-05F259A8C662}.Release|Any CPU.ActiveCfg = Release|Any CPU
		{734EB2E2-D0C9-45C8-8C90-05F259A8C662}.Release|Any CPU.Build.0 = Release|Any CPU
		{6B846890-C117-4090-8C82-ED34B3435DA9}.Debug|Any CPU.ActiveCfg = Debug|Any CPU
		{6B846890-C117-4090-8C82-ED34B3435DA9}.Debug|Any CPU.Build.0 = Debug|Any CPU
		{6B846890-C117-4090-8C82-ED34B3435DA9}.Release|Any CPU.ActiveCfg = Release|Any CPU
		{6B846890-C117-4090-8C82-ED34B3435DA9}.Release|Any CPU.Build.0 = Release|Any CPU
		{38E05E7F-0E74-4F2A-9F78-4A6F4B83A448}.Debug|Any CPU.ActiveCfg = Debug|Any CPU
		{38E05E7F-0E74-4F2A-9F78-4A6F4B83A448}.Debug|Any CPU.Build.0 = Debug|Any CPU
		{38E05E7F-0E74-4F2A-9F78-4A6F4B83A448}.Release|Any CPU.ActiveCfg = Release|Any CPU
		{38E05E7F-0E74-4F2A-9F78-4A6F4B83A448}.Release|Any CPU.Build.0 = Release|Any CPU
		{876D065A-A3DA-4E1F-845A-85669A0734AF}.Debug|Any CPU.ActiveCfg = Debug|Any CPU
		{876D065A-A3DA-4E1F-845A-85669A0734AF}.Debug|Any CPU.Build.0 = Debug|Any CPU
		{876D065A-A3DA-4E1F-845A-85669A0734AF}.Release|Any CPU.ActiveCfg = Release|Any CPU
		{876D065A-A3DA-4E1F-845A-85669A0734AF}.Release|Any CPU.Build.0 = Release|Any CPU
		{08F1A2E9-AF50-4C09-A165-F30B47D360D2}.Debug|Any CPU.ActiveCfg = Debug|Any CPU
		{08F1A2E9-AF50-4C09-A165-F30B47D360D2}.Debug|Any CPU.Build.0 = Debug|Any CPU
		{08F1A2E9-AF50-4C09-A165-F30B47D360D2}.Release|Any CPU.ActiveCfg = Release|Any CPU
		{08F1A2E9-AF50-4C09-A165-F30B47D360D2}.Release|Any CPU.Build.0 = Release|Any CPU
		{6D3198BE-40FF-4C43-B83C-1FFB669F2DBB}.Debug|Any CPU.ActiveCfg = Debug|Any CPU
		{6D3198BE-40FF-4C43-B83C-1FFB669F2DBB}.Debug|Any CPU.Build.0 = Debug|Any CPU
		{6D3198BE-40FF-4C43-B83C-1FFB669F2DBB}.Release|Any CPU.ActiveCfg = Release|Any CPU
		{6D3198BE-40FF-4C43-B83C-1FFB669F2DBB}.Release|Any CPU.Build.0 = Release|Any CPU
		{8B383AFE-3C83-439A-A43C-ED697C8FE5C9}.Debug|Any CPU.ActiveCfg = Debug|Any CPU
		{8B383AFE-3C83-439A-A43C-ED697C8FE5C9}.Debug|Any CPU.Build.0 = Debug|Any CPU
		{8B383AFE-3C83-439A-A43C-ED697C8FE5C9}.Release|Any CPU.ActiveCfg = Release|Any CPU
		{8B383AFE-3C83-439A-A43C-ED697C8FE5C9}.Release|Any CPU.Build.0 = Release|Any CPU
		{7AFC860D-E1DB-4B9A-B874-F2B8BD2AF5EA}.Debug|Any CPU.ActiveCfg = Debug|Any CPU
		{7AFC860D-E1DB-4B9A-B874-F2B8BD2AF5EA}.Debug|Any CPU.Build.0 = Debug|Any CPU
		{7AFC860D-E1DB-4B9A-B874-F2B8BD2AF5EA}.Release|Any CPU.ActiveCfg = Release|Any CPU
		{7AFC860D-E1DB-4B9A-B874-F2B8BD2AF5EA}.Release|Any CPU.Build.0 = Release|Any CPU
		{52D45E42-AE50-4B3D-AD24-E2DA223BA6A0}.Debug|Any CPU.ActiveCfg = Debug|Any CPU
		{52D45E42-AE50-4B3D-AD24-E2DA223BA6A0}.Debug|Any CPU.Build.0 = Debug|Any CPU
		{52D45E42-AE50-4B3D-AD24-E2DA223BA6A0}.Release|Any CPU.ActiveCfg = Release|Any CPU
		{52D45E42-AE50-4B3D-AD24-E2DA223BA6A0}.Release|Any CPU.Build.0 = Release|Any CPU
		{C4B1306E-C65F-4314-9983-BDCBD5734AAD}.Debug|Any CPU.ActiveCfg = Debug|Any CPU
		{C4B1306E-C65F-4314-9983-BDCBD5734AAD}.Debug|Any CPU.Build.0 = Debug|Any CPU
		{C4B1306E-C65F-4314-9983-BDCBD5734AAD}.Release|Any CPU.ActiveCfg = Release|Any CPU
		{C4B1306E-C65F-4314-9983-BDCBD5734AAD}.Release|Any CPU.Build.0 = Release|Any CPU
		{84329498-2B0E-4657-8280-5120DE382C25}.Debug|Any CPU.ActiveCfg = Debug|Any CPU
		{84329498-2B0E-4657-8280-5120DE382C25}.Debug|Any CPU.Build.0 = Debug|Any CPU
		{84329498-2B0E-4657-8280-5120DE382C25}.Release|Any CPU.ActiveCfg = Release|Any CPU
		{84329498-2B0E-4657-8280-5120DE382C25}.Release|Any CPU.Build.0 = Release|Any CPU
		{907397B8-B09B-4449-B836-F26B04D7813B}.Debug|Any CPU.ActiveCfg = Debug|Any CPU
		{907397B8-B09B-4449-B836-F26B04D7813B}.Debug|Any CPU.Build.0 = Debug|Any CPU
		{907397B8-B09B-4449-B836-F26B04D7813B}.Release|Any CPU.ActiveCfg = Release|Any CPU
		{907397B8-B09B-4449-B836-F26B04D7813B}.Release|Any CPU.Build.0 = Release|Any CPU
		{CBBFCBD2-2EB1-4FA0-B02A-A4DC24413BD0}.Debug|Any CPU.ActiveCfg = Debug|Any CPU
		{CBBFCBD2-2EB1-4FA0-B02A-A4DC24413BD0}.Debug|Any CPU.Build.0 = Debug|Any CPU
		{CBBFCBD2-2EB1-4FA0-B02A-A4DC24413BD0}.Release|Any CPU.ActiveCfg = Release|Any CPU
		{CBBFCBD2-2EB1-4FA0-B02A-A4DC24413BD0}.Release|Any CPU.Build.0 = Release|Any CPU
		{779E2038-A8D3-41F3-A073-E41C013603FF}.Debug|Any CPU.ActiveCfg = Debug|Any CPU
		{779E2038-A8D3-41F3-A073-E41C013603FF}.Debug|Any CPU.Build.0 = Debug|Any CPU
		{779E2038-A8D3-41F3-A073-E41C013603FF}.Release|Any CPU.ActiveCfg = Release|Any CPU
		{779E2038-A8D3-41F3-A073-E41C013603FF}.Release|Any CPU.Build.0 = Release|Any CPU
		{E9BE4A22-C1FC-491F-B62A-F5FB223B1470}.Debug|Any CPU.ActiveCfg = Debug|Any CPU
		{E9BE4A22-C1FC-491F-B62A-F5FB223B1470}.Debug|Any CPU.Build.0 = Debug|Any CPU
		{E9BE4A22-C1FC-491F-B62A-F5FB223B1470}.Release|Any CPU.ActiveCfg = Release|Any CPU
		{E9BE4A22-C1FC-491F-B62A-F5FB223B1470}.Release|Any CPU.Build.0 = Release|Any CPU
		{BA86DAF5-84C4-4C0B-994D-ED73DDCC87B4}.Debug|Any CPU.ActiveCfg = Debug|Any CPU
		{BA86DAF5-84C4-4C0B-994D-ED73DDCC87B4}.Debug|Any CPU.Build.0 = Debug|Any CPU
		{BA86DAF5-84C4-4C0B-994D-ED73DDCC87B4}.Release|Any CPU.ActiveCfg = Release|Any CPU
		{BA86DAF5-84C4-4C0B-994D-ED73DDCC87B4}.Release|Any CPU.Build.0 = Release|Any CPU
		{FFEA1D20-3D99-4790-9B83-0CB7583CCA75}.Debug|Any CPU.ActiveCfg = Debug|Any CPU
		{FFEA1D20-3D99-4790-9B83-0CB7583CCA75}.Debug|Any CPU.Build.0 = Debug|Any CPU
		{FFEA1D20-3D99-4790-9B83-0CB7583CCA75}.Release|Any CPU.ActiveCfg = Release|Any CPU
		{FFEA1D20-3D99-4790-9B83-0CB7583CCA75}.Release|Any CPU.Build.0 = Release|Any CPU
		{B72A0A07-5D7E-422E-A9AD-C6A0ADD66535}.Debug|Any CPU.ActiveCfg = Debug|Any CPU
		{B72A0A07-5D7E-422E-A9AD-C6A0ADD66535}.Debug|Any CPU.Build.0 = Debug|Any CPU
		{B72A0A07-5D7E-422E-A9AD-C6A0ADD66535}.Release|Any CPU.ActiveCfg = Release|Any CPU
		{B72A0A07-5D7E-422E-A9AD-C6A0ADD66535}.Release|Any CPU.Build.0 = Release|Any CPU
		{DAD24C87-AEF5-4420-98F4-DE2791D78AC5}.Debug|Any CPU.ActiveCfg = Debug|Any CPU
		{DAD24C87-AEF5-4420-98F4-DE2791D78AC5}.Debug|Any CPU.Build.0 = Debug|Any CPU
		{DAD24C87-AEF5-4420-98F4-DE2791D78AC5}.Release|Any CPU.ActiveCfg = Release|Any CPU
		{DAD24C87-AEF5-4420-98F4-DE2791D78AC5}.Release|Any CPU.Build.0 = Release|Any CPU
		{336475BC-1FCD-4D04-9E18-261E6D515C86}.Debug|Any CPU.ActiveCfg = Debug|Any CPU
		{336475BC-1FCD-4D04-9E18-261E6D515C86}.Debug|Any CPU.Build.0 = Debug|Any CPU
		{336475BC-1FCD-4D04-9E18-261E6D515C86}.Release|Any CPU.ActiveCfg = Release|Any CPU
		{336475BC-1FCD-4D04-9E18-261E6D515C86}.Release|Any CPU.Build.0 = Release|Any CPU
		{75BDD230-E8A8-415A-809C-712D98D3EEA9}.Debug|Any CPU.ActiveCfg = Debug|Any CPU
		{75BDD230-E8A8-415A-809C-712D98D3EEA9}.Debug|Any CPU.Build.0 = Debug|Any CPU
		{75BDD230-E8A8-415A-809C-712D98D3EEA9}.Release|Any CPU.ActiveCfg = Release|Any CPU
		{75BDD230-E8A8-415A-809C-712D98D3EEA9}.Release|Any CPU.Build.0 = Release|Any CPU
		{972D8ABD-1449-4239-86F2-4B5D6E125D83}.Debug|Any CPU.ActiveCfg = Debug|Any CPU
		{972D8ABD-1449-4239-86F2-4B5D6E125D83}.Debug|Any CPU.Build.0 = Debug|Any CPU
		{972D8ABD-1449-4239-86F2-4B5D6E125D83}.Release|Any CPU.ActiveCfg = Release|Any CPU
		{972D8ABD-1449-4239-86F2-4B5D6E125D83}.Release|Any CPU.Build.0 = Release|Any CPU
		{821B1CEA-1952-49D7-922C-392E4CAF9EB8}.Debug|Any CPU.ActiveCfg = Debug|Any CPU
		{821B1CEA-1952-49D7-922C-392E4CAF9EB8}.Debug|Any CPU.Build.0 = Debug|Any CPU
		{821B1CEA-1952-49D7-922C-392E4CAF9EB8}.Release|Any CPU.ActiveCfg = Release|Any CPU
		{821B1CEA-1952-49D7-922C-392E4CAF9EB8}.Release|Any CPU.Build.0 = Release|Any CPU
		{61C3BB00-7209-4E2D-BF4E-EA3F569E6CDD}.Debug|Any CPU.ActiveCfg = Debug|Any CPU
		{61C3BB00-7209-4E2D-BF4E-EA3F569E6CDD}.Debug|Any CPU.Build.0 = Debug|Any CPU
		{61C3BB00-7209-4E2D-BF4E-EA3F569E6CDD}.Release|Any CPU.ActiveCfg = Release|Any CPU
		{61C3BB00-7209-4E2D-BF4E-EA3F569E6CDD}.Release|Any CPU.Build.0 = Release|Any CPU
		{888966CC-18D0-44A8-AFA0-57D6B96BCCE6}.Debug|Any CPU.ActiveCfg = Debug|Any CPU
		{888966CC-18D0-44A8-AFA0-57D6B96BCCE6}.Debug|Any CPU.Build.0 = Debug|Any CPU
		{888966CC-18D0-44A8-AFA0-57D6B96BCCE6}.Release|Any CPU.ActiveCfg = Release|Any CPU
		{888966CC-18D0-44A8-AFA0-57D6B96BCCE6}.Release|Any CPU.Build.0 = Release|Any CPU
		{20BA1C1B-4866-4B4A-844F-02E8D1D694EB}.Debug|Any CPU.ActiveCfg = Debug|Any CPU
		{20BA1C1B-4866-4B4A-844F-02E8D1D694EB}.Debug|Any CPU.Build.0 = Debug|Any CPU
		{20BA1C1B-4866-4B4A-844F-02E8D1D694EB}.Release|Any CPU.ActiveCfg = Release|Any CPU
		{20BA1C1B-4866-4B4A-844F-02E8D1D694EB}.Release|Any CPU.Build.0 = Release|Any CPU
	EndGlobalSection
	GlobalSection(SolutionProperties) = preSolution
		HideSolutionNode = FALSE
	EndGlobalSection
	GlobalSection(ExtensibilityGlobals) = postSolution
		SolutionGuid = {222DB835-D435-49B2-B817-1E686F54EB8D}
	EndGlobalSection
EndGlobal
